// !$*UTF8*$!
{
	archiveVersion = 1;
	classes = {
	};
	objectVersion = 51;
	objects = {

/* Begin PBXBuildFile section */
		121443C2A39D32F3E9CCB3D1 /* Pods_TableViewWithCustomHeaders.framework in Frameworks */ = {isa = PBXBuildFile; fileRef = C6751EDF223B7C37E75C57F9 /* Pods_TableViewWithCustomHeaders.framework */; };
		78A2D05B2438D995003BA56A /* AppDelegate.swift in Sources */ = {isa = PBXBuildFile; fileRef = 78A2D05A2438D995003BA56A /* AppDelegate.swift */; };
		78A2D05D2438D995003BA56A /* SceneDelegate.swift in Sources */ = {isa = PBXBuildFile; fileRef = 78A2D05C2438D995003BA56A /* SceneDelegate.swift */; };
		78A2D0622438D996003BA56A /* Main.storyboard in Resources */ = {isa = PBXBuildFile; fileRef = 78A2D0602438D996003BA56A /* Main.storyboard */; };
		78A2D0642438D998003BA56A /* Assets.xcassets in Resources */ = {isa = PBXBuildFile; fileRef = 78A2D0632438D998003BA56A /* Assets.xcassets */; };
		78A2D0672438D998003BA56A /* LaunchScreen.storyboard in Resources */ = {isa = PBXBuildFile; fileRef = 78A2D0652438D998003BA56A /* LaunchScreen.storyboard */; };
		78A2D0702438DA3D003BA56A /* CarBrand.swift in Sources */ = {isa = PBXBuildFile; fileRef = 78A2D06F2438DA3D003BA56A /* CarBrand.swift */; };
		78A2D0722438DA51003BA56A /* CarModel.swift in Sources */ = {isa = PBXBuildFile; fileRef = 78A2D0712438DA51003BA56A /* CarModel.swift */; };
		78A2D0752438DE19003BA56A /* R.generated.swift in Sources */ = {isa = PBXBuildFile; fileRef = 78A2D0742438DE19003BA56A /* R.generated.swift */; };
		78A2D0772438E012003BA56A /* CarsListViewController.swift in Sources */ = {isa = PBXBuildFile; fileRef = 78A2D0762438E012003BA56A /* CarsListViewController.swift */; };
		78A2D07B2438E7A4003BA56A /* ModelCarTableViewCell.swift in Sources */ = {isa = PBXBuildFile; fileRef = 78A2D0792438E7A4003BA56A /* ModelCarTableViewCell.swift */; };
		78A2D07C2438E7A4003BA56A /* ModelCarTableViewCell.xib in Resources */ = {isa = PBXBuildFile; fileRef = 78A2D07A2438E7A4003BA56A /* ModelCarTableViewCell.xib */; };
		78A2D07E2438F212003BA56A /* CarBrandHeaderView.swift in Sources */ = {isa = PBXBuildFile; fileRef = 78A2D07D2438F212003BA56A /* CarBrandHeaderView.swift */; };
		78A2D0802438F22D003BA56A /* CarBrandHeaderView.xib in Resources */ = {isa = PBXBuildFile; fileRef = 78A2D07F2438F22D003BA56A /* CarBrandHeaderView.xib */; };
/* End PBXBuildFile section */

/* Begin PBXFileReference section */
		78A2D0572438D995003BA56A /* TableViewWithCustomHeaders.app */ = {isa = PBXFileReference; explicitFileType = wrapper.application; includeInIndex = 0; path = TableViewWithCustomHeaders.app; sourceTree = BUILT_PRODUCTS_DIR; };
		78A2D05A2438D995003BA56A /* AppDelegate.swift */ = {isa = PBXFileReference; lastKnownFileType = sourcecode.swift; path = AppDelegate.swift; sourceTree = "<group>"; };
		78A2D05C2438D995003BA56A /* SceneDelegate.swift */ = {isa = PBXFileReference; lastKnownFileType = sourcecode.swift; path = SceneDelegate.swift; sourceTree = "<group>"; };
		78A2D0612438D996003BA56A /* Base */ = {isa = PBXFileReference; lastKnownFileType = file.storyboard; name = Base; path = Base.lproj/Main.storyboard; sourceTree = "<group>"; };
		78A2D0632438D998003BA56A /* Assets.xcassets */ = {isa = PBXFileReference; lastKnownFileType = folder.assetcatalog; path = Assets.xcassets; sourceTree = "<group>"; };
		78A2D0662438D998003BA56A /* Base */ = {isa = PBXFileReference; lastKnownFileType = file.storyboard; name = Base; path = Base.lproj/LaunchScreen.storyboard; sourceTree = "<group>"; };
		78A2D0682438D998003BA56A /* Info.plist */ = {isa = PBXFileReference; lastKnownFileType = text.plist.xml; path = Info.plist; sourceTree = "<group>"; };
		78A2D06F2438DA3D003BA56A /* CarBrand.swift */ = {isa = PBXFileReference; lastKnownFileType = sourcecode.swift; path = CarBrand.swift; sourceTree = "<group>"; };
		78A2D0712438DA51003BA56A /* CarModel.swift */ = {isa = PBXFileReference; lastKnownFileType = sourcecode.swift; path = CarModel.swift; sourceTree = "<group>"; };
		78A2D0742438DE19003BA56A /* R.generated.swift */ = {isa = PBXFileReference; fileEncoding = 4; lastKnownFileType = sourcecode.swift; path = R.generated.swift; sourceTree = "<group>"; };
		78A2D0762438E012003BA56A /* CarsListViewController.swift */ = {isa = PBXFileReference; lastKnownFileType = sourcecode.swift; path = CarsListViewController.swift; sourceTree = "<group>"; };
		78A2D0792438E7A4003BA56A /* ModelCarTableViewCell.swift */ = {isa = PBXFileReference; lastKnownFileType = sourcecode.swift; path = ModelCarTableViewCell.swift; sourceTree = "<group>"; };
		78A2D07A2438E7A4003BA56A /* ModelCarTableViewCell.xib */ = {isa = PBXFileReference; lastKnownFileType = file.xib; path = ModelCarTableViewCell.xib; sourceTree = "<group>"; };
		78A2D07D2438F212003BA56A /* CarBrandHeaderView.swift */ = {isa = PBXFileReference; lastKnownFileType = sourcecode.swift; path = CarBrandHeaderView.swift; sourceTree = "<group>"; };
		78A2D07F2438F22D003BA56A /* CarBrandHeaderView.xib */ = {isa = PBXFileReference; lastKnownFileType = file.xib; path = CarBrandHeaderView.xib; sourceTree = "<group>"; };
		B68BD86EF75438FC1A17966F /* Pods-TableViewWithCustomHeaders.release.xcconfig */ = {isa = PBXFileReference; includeInIndex = 1; lastKnownFileType = text.xcconfig; name = "Pods-TableViewWithCustomHeaders.release.xcconfig"; path = "Target Support Files/Pods-TableViewWithCustomHeaders/Pods-TableViewWithCustomHeaders.release.xcconfig"; sourceTree = "<group>"; };
		C6751EDF223B7C37E75C57F9 /* Pods_TableViewWithCustomHeaders.framework */ = {isa = PBXFileReference; explicitFileType = wrapper.framework; includeInIndex = 0; path = Pods_TableViewWithCustomHeaders.framework; sourceTree = BUILT_PRODUCTS_DIR; };
		D71A605395EBF4D984E204F2 /* Pods-TableViewWithCustomHeaders.debug.xcconfig */ = {isa = PBXFileReference; includeInIndex = 1; lastKnownFileType = text.xcconfig; name = "Pods-TableViewWithCustomHeaders.debug.xcconfig"; path = "Target Support Files/Pods-TableViewWithCustomHeaders/Pods-TableViewWithCustomHeaders.debug.xcconfig"; sourceTree = "<group>"; };
/* End PBXFileReference section */

/* Begin PBXFrameworksBuildPhase section */
		78A2D0542438D995003BA56A /* Frameworks */ = {
			isa = PBXFrameworksBuildPhase;
			buildActionMask = 2147483647;
			files = (
				121443C2A39D32F3E9CCB3D1 /* Pods_TableViewWithCustomHeaders.framework in Frameworks */,
			);
			runOnlyForDeploymentPostprocessing = 0;
		};
/* End PBXFrameworksBuildPhase section */

/* Begin PBXGroup section */
		1FAD0AD204C76D011D51E315 /* Frameworks */ = {
			isa = PBXGroup;
			children = (
				C6751EDF223B7C37E75C57F9 /* Pods_TableViewWithCustomHeaders.framework */,
			);
			name = Frameworks;
			sourceTree = "<group>";
		};
		78A2D04E2438D995003BA56A = {
			isa = PBXGroup;
			children = (
				78A2D0742438DE19003BA56A /* R.generated.swift */,
				78A2D0592438D995003BA56A /* TableViewWithCustomHeaders */,
				78A2D0582438D995003BA56A /* Products */,
				CD04F68D4669277D206F6691 /* Pods */,
				1FAD0AD204C76D011D51E315 /* Frameworks */,
			);
			sourceTree = "<group>";
		};
		78A2D0582438D995003BA56A /* Products */ = {
			isa = PBXGroup;
			children = (
				78A2D0572438D995003BA56A /* TableViewWithCustomHeaders.app */,
			);
			name = Products;
			sourceTree = "<group>";
		};
		78A2D0592438D995003BA56A /* TableViewWithCustomHeaders */ = {
			isa = PBXGroup;
			children = (
				78A2D0782438E777003BA56A /* CustomCells */,
				78A2D06E2438D9CF003BA56A /* Models */,
				78A2D0762438E012003BA56A /* CarsListViewController.swift */,
				78A2D05A2438D995003BA56A /* AppDelegate.swift */,
				78A2D05C2438D995003BA56A /* SceneDelegate.swift */,
				78A2D0602438D996003BA56A /* Main.storyboard */,
				78A2D0632438D998003BA56A /* Assets.xcassets */,
				78A2D0652438D998003BA56A /* LaunchScreen.storyboard */,
				78A2D0682438D998003BA56A /* Info.plist */,
			);
			path = TableViewWithCustomHeaders;
			sourceTree = "<group>";
		};
		78A2D06E2438D9CF003BA56A /* Models */ = {
			isa = PBXGroup;
			children = (
				78A2D06F2438DA3D003BA56A /* CarBrand.swift */,
				78A2D0712438DA51003BA56A /* CarModel.swift */,
			);
			path = Models;
			sourceTree = "<group>";
		};
		78A2D0782438E777003BA56A /* CustomCells */ = {
			isa = PBXGroup;
			children = (
				78A2D0792438E7A4003BA56A /* ModelCarTableViewCell.swift */,
				78A2D07A2438E7A4003BA56A /* ModelCarTableViewCell.xib */,
				78A2D07D2438F212003BA56A /* CarBrandHeaderView.swift */,
				78A2D07F2438F22D003BA56A /* CarBrandHeaderView.xib */,
			);
			path = CustomCells;
			sourceTree = "<group>";
		};
		CD04F68D4669277D206F6691 /* Pods */ = {
			isa = PBXGroup;
			children = (
				D71A605395EBF4D984E204F2 /* Pods-TableViewWithCustomHeaders.debug.xcconfig */,
				B68BD86EF75438FC1A17966F /* Pods-TableViewWithCustomHeaders.release.xcconfig */,
			);
			path = Pods;
			sourceTree = "<group>";
		};
/* End PBXGroup section */

/* Begin PBXNativeTarget section */
		78A2D0562438D995003BA56A /* TableViewWithCustomHeaders */ = {
			isa = PBXNativeTarget;
			buildConfigurationList = 78A2D06B2438D998003BA56A /* Build configuration list for PBXNativeTarget "TableViewWithCustomHeaders" */;
			buildPhases = (
				81CE870A4ABC00880EAB033C /* [CP] Check Pods Manifest.lock */,
				78A2D0732438DD6B003BA56A /* ShellScript */,
				78A2D0532438D995003BA56A /* Sources */,
				78A2D0542438D995003BA56A /* Frameworks */,
				78A2D0552438D995003BA56A /* Resources */,
				61EFD48F6B12D2AFFF7135AB /* [CP] Embed Pods Frameworks */,
			);
			buildRules = (
			);
			dependencies = (
			);
			name = TableViewWithCustomHeaders;
			productName = TableViewWithCustomHeaders;
			productReference = 78A2D0572438D995003BA56A /* TableViewWithCustomHeaders.app */;
			productType = "com.apple.product-type.application";
		};
/* End PBXNativeTarget section */

/* Begin PBXProject section */
		78A2D04F2438D995003BA56A /* Project object */ = {
			isa = PBXProject;
			attributes = {
				LastSwiftUpdateCheck = 1140;
				LastUpgradeCheck = 1140;
				ORGANIZATIONNAME = VeuxLabs;
				TargetAttributes = {
					78A2D0562438D995003BA56A = {
						CreatedOnToolsVersion = 11.4;
					};
				};
			};
			buildConfigurationList = 78A2D0522438D995003BA56A /* Build configuration list for PBXProject "TableViewWithCustomHeaders" */;
			compatibilityVersion = "Xcode 9.3";
			developmentRegion = en;
			hasScannedForEncodings = 0;
			knownRegions = (
				en,
				Base,
			);
			mainGroup = 78A2D04E2438D995003BA56A;
			productRefGroup = 78A2D0582438D995003BA56A /* Products */;
			projectDirPath = "";
			projectRoot = "";
			targets = (
				78A2D0562438D995003BA56A /* TableViewWithCustomHeaders */,
			);
		};
/* End PBXProject section */

/* Begin PBXResourcesBuildPhase section */
		78A2D0552438D995003BA56A /* Resources */ = {
			isa = PBXResourcesBuildPhase;
			buildActionMask = 2147483647;
			files = (
				78A2D07C2438E7A4003BA56A /* ModelCarTableViewCell.xib in Resources */,
				78A2D0802438F22D003BA56A /* CarBrandHeaderView.xib in Resources */,
				78A2D0672438D998003BA56A /* LaunchScreen.storyboard in Resources */,
				78A2D0642438D998003BA56A /* Assets.xcassets in Resources */,
				78A2D0622438D996003BA56A /* Main.storyboard in Resources */,
			);
			runOnlyForDeploymentPostprocessing = 0;
		};
/* End PBXResourcesBuildPhase section */

/* Begin PBXShellScriptBuildPhase section */
		61EFD48F6B12D2AFFF7135AB /* [CP] Embed Pods Frameworks */ = {
			isa = PBXShellScriptBuildPhase;
			buildActionMask = 2147483647;
			files = (
			);
			inputFileListPaths = (
				"${PODS_ROOT}/Target Support Files/Pods-TableViewWithCustomHeaders/Pods-TableViewWithCustomHeaders-frameworks-${CONFIGURATION}-input-files.xcfilelist",
			);
			name = "[CP] Embed Pods Frameworks";
			outputFileListPaths = (
				"${PODS_ROOT}/Target Support Files/Pods-TableViewWithCustomHeaders/Pods-TableViewWithCustomHeaders-frameworks-${CONFIGURATION}-output-files.xcfilelist",
			);
			runOnlyForDeploymentPostprocessing = 0;
			shellPath = /bin/sh;
			shellScript = "\"${PODS_ROOT}/Target Support Files/Pods-TableViewWithCustomHeaders/Pods-TableViewWithCustomHeaders-frameworks.sh\"\n";
			showEnvVarsInLog = 0;
		};
		78A2D0732438DD6B003BA56A /* ShellScript */ = {
			isa = PBXShellScriptBuildPhase;
			buildActionMask = 2147483647;
			files = (
			);
			inputFileListPaths = (
			);
			inputPaths = (
				"$TEMP_DIR/rswift-lastrun",
			);
			outputFileListPaths = (
			);
			outputPaths = (
				$SRCROOT/R.generated.swift,
			);
			runOnlyForDeploymentPostprocessing = 0;
			shellPath = /bin/sh;
			shellScript = "\"$PODS_ROOT/R.swift/rswift\" generate \"$SRCROOT/R.generated.swift\"\n";
		};
		81CE870A4ABC00880EAB033C /* [CP] Check Pods Manifest.lock */ = {
			isa = PBXShellScriptBuildPhase;
			buildActionMask = 2147483647;
			files = (
			);
			inputFileListPaths = (
			);
			inputPaths = (
				"${PODS_PODFILE_DIR_PATH}/Podfile.lock",
				"${PODS_ROOT}/Manifest.lock",
			);
			name = "[CP] Check Pods Manifest.lock";
			outputFileListPaths = (
			);
			outputPaths = (
				"$(DERIVED_FILE_DIR)/Pods-TableViewWithCustomHeaders-checkManifestLockResult.txt",
			);
			runOnlyForDeploymentPostprocessing = 0;
			shellPath = /bin/sh;
			shellScript = "diff \"${PODS_PODFILE_DIR_PATH}/Podfile.lock\" \"${PODS_ROOT}/Manifest.lock\" > /dev/null\nif [ $? != 0 ] ; then\n    # print error to STDERR\n    echo \"error: The sandbox is not in sync with the Podfile.lock. Run 'pod install' or update your CocoaPods installation.\" >&2\n    exit 1\nfi\n# This output is used by Xcode 'outputs' to avoid re-running this script phase.\necho \"SUCCESS\" > \"${SCRIPT_OUTPUT_FILE_0}\"\n";
			showEnvVarsInLog = 0;
		};
/* End PBXShellScriptBuildPhase section */

/* Begin PBXSourcesBuildPhase section */
		78A2D0532438D995003BA56A /* Sources */ = {
			isa = PBXSourcesBuildPhase;
			buildActionMask = 2147483647;
			files = (
				78A2D0722438DA51003BA56A /* CarModel.swift in Sources */,
				78A2D07B2438E7A4003BA56A /* ModelCarTableViewCell.swift in Sources */,
				78A2D0772438E012003BA56A /* CarsListViewController.swift in Sources */,
				78A2D05B2438D995003BA56A /* AppDelegate.swift in Sources */,
				78A2D07E2438F212003BA56A /* CarBrandHeaderView.swift in Sources */,
				78A2D0702438DA3D003BA56A /* CarBrand.swift in Sources */,
				78A2D05D2438D995003BA56A /* SceneDelegate.swift in Sources */,
				78A2D0752438DE19003BA56A /* R.generated.swift in Sources */,
			);
			runOnlyForDeploymentPostprocessing = 0;
		};
/* End PBXSourcesBuildPhase section */

/* Begin PBXVariantGroup section */
		78A2D0602438D996003BA56A /* Main.storyboard */ = {
			isa = PBXVariantGroup;
			children = (
				78A2D0612438D996003BA56A /* Base */,
			);
			name = Main.storyboard;
			sourceTree = "<group>";
		};
		78A2D0652438D998003BA56A /* LaunchScreen.storyboard */ = {
			isa = PBXVariantGroup;
			children = (
				78A2D0662438D998003BA56A /* Base */,
			);
			name = LaunchScreen.storyboard;
			sourceTree = "<group>";
		};
/* End PBXVariantGroup section */

/* Begin XCBuildConfiguration section */
		78A2D0692438D998003BA56A /* Debug */ = {
			isa = XCBuildConfiguration;
			buildSettings = {
				ALWAYS_SEARCH_USER_PATHS = NO;
				CLANG_ANALYZER_NONNULL = YES;
				CLANG_ANALYZER_NUMBER_OBJECT_CONVERSION = YES_AGGRESSIVE;
				CLANG_CXX_LANGUAGE_STANDARD = "gnu++14";
				CLANG_CXX_LIBRARY = "libc++";
				CLANG_ENABLE_MODULES = YES;
				CLANG_ENABLE_OBJC_ARC = YES;
				CLANG_ENABLE_OBJC_WEAK = YES;
				CLANG_WARN_BLOCK_CAPTURE_AUTORELEASING = YES;
				CLANG_WARN_BOOL_CONVERSION = YES;
				CLANG_WARN_COMMA = YES;
				CLANG_WARN_CONSTANT_CONVERSION = YES;
				CLANG_WARN_DEPRECATED_OBJC_IMPLEMENTATIONS = YES;
				CLANG_WARN_DIRECT_OBJC_ISA_USAGE = YES_ERROR;
				CLANG_WARN_DOCUMENTATION_COMMENTS = YES;
				CLANG_WARN_EMPTY_BODY = YES;
				CLANG_WARN_ENUM_CONVERSION = YES;
				CLANG_WARN_INFINITE_RECURSION = YES;
				CLANG_WARN_INT_CONVERSION = YES;
				CLANG_WARN_NON_LITERAL_NULL_CONVERSION = YES;
				CLANG_WARN_OBJC_IMPLICIT_RETAIN_SELF = YES;
				CLANG_WARN_OBJC_LITERAL_CONVERSION = YES;
				CLANG_WARN_OBJC_ROOT_CLASS = YES_ERROR;
				CLANG_WARN_RANGE_LOOP_ANALYSIS = YES;
				CLANG_WARN_STRICT_PROTOTYPES = YES;
				CLANG_WARN_SUSPICIOUS_MOVE = YES;
				CLANG_WARN_UNGUARDED_AVAILABILITY = YES_AGGRESSIVE;
				CLANG_WARN_UNREACHABLE_CODE = YES;
				CLANG_WARN__DUPLICATE_METHOD_MATCH = YES;
				COPY_PHASE_STRIP = NO;
				DEBUG_INFORMATION_FORMAT = dwarf;
				ENABLE_STRICT_OBJC_MSGSEND = YES;
				ENABLE_TESTABILITY = YES;
				GCC_C_LANGUAGE_STANDARD = gnu11;
				GCC_DYNAMIC_NO_PIC = NO;
				GCC_NO_COMMON_BLOCKS = YES;
				GCC_OPTIMIZATION_LEVEL = 0;
				GCC_PREPROCESSOR_DEFINITIONS = (
					"DEBUG=1",
					"$(inherited)",
				);
				GCC_WARN_64_TO_32_BIT_CONVERSION = YES;
				GCC_WARN_ABOUT_RETURN_TYPE = YES_ERROR;
				GCC_WARN_UNDECLARED_SELECTOR = YES;
				GCC_WARN_UNINITIALIZED_AUTOS = YES_AGGRESSIVE;
				GCC_WARN_UNUSED_FUNCTION = YES;
				GCC_WARN_UNUSED_VARIABLE = YES;
				IPHONEOS_DEPLOYMENT_TARGET = 13.4;
				MTL_ENABLE_DEBUG_INFO = INCLUDE_SOURCE;
				MTL_FAST_MATH = YES;
				ONLY_ACTIVE_ARCH = YES;
				SDKROOT = iphoneos;
				SWIFT_ACTIVE_COMPILATION_CONDITIONS = DEBUG;
				SWIFT_OPTIMIZATION_LEVEL = "-Onone";
			};
			name = Debug;
		};
		78A2D06A2438D998003BA56A /* Release */ = {
			isa = XCBuildConfiguration;
			buildSettings = {
				ALWAYS_SEARCH_USER_PATHS = NO;
				CLANG_ANALYZER_NONNULL = YES;
				CLANG_ANALYZER_NUMBER_OBJECT_CONVERSION = YES_AGGRESSIVE;
				CLANG_CXX_LANGUAGE_STANDARD = "gnu++14";
				CLANG_CXX_LIBRARY = "libc++";
				CLANG_ENABLE_MODULES = YES;
				CLANG_ENABLE_OBJC_ARC = YES;
				CLANG_ENABLE_OBJC_WEAK = YES;
				CLANG_WARN_BLOCK_CAPTURE_AUTORELEASING = YES;
				CLANG_WARN_BOOL_CONVERSION = YES;
				CLANG_WARN_COMMA = YES;
				CLANG_WARN_CONSTANT_CONVERSION = YES;
				CLANG_WARN_DEPRECATED_OBJC_IMPLEMENTATIONS = YES;
				CLANG_WARN_DIRECT_OBJC_ISA_USAGE = YES_ERROR;
				CLANG_WARN_DOCUMENTATION_COMMENTS = YES;
				CLANG_WARN_EMPTY_BODY = YES;
				CLANG_WARN_ENUM_CONVERSION = YES;
				CLANG_WARN_INFINITE_RECURSION = YES;
				CLANG_WARN_INT_CONVERSION = YES;
				CLANG_WARN_NON_LITERAL_NULL_CONVERSION = YES;
				CLANG_WARN_OBJC_IMPLICIT_RETAIN_SELF = YES;
				CLANG_WARN_OBJC_LITERAL_CONVERSION = YES;
				CLANG_WARN_OBJC_ROOT_CLASS = YES_ERROR;
				CLANG_WARN_RANGE_LOOP_ANALYSIS = YES;
				CLANG_WARN_STRICT_PROTOTYPES = YES;
				CLANG_WARN_SUSPICIOUS_MOVE = YES;
				CLANG_WARN_UNGUARDED_AVAILABILITY = YES_AGGRESSIVE;
				CLANG_WARN_UNREACHABLE_CODE = YES;
				CLANG_WARN__DUPLICATE_METHOD_MATCH = YES;
				COPY_PHASE_STRIP = NO;
				DEBUG_INFORMATION_FORMAT = "dwarf-with-dsym";
				ENABLE_NS_ASSERTIONS = NO;
				ENABLE_STRICT_OBJC_MSGSEND = YES;
				GCC_C_LANGUAGE_STANDARD = gnu11;
				GCC_NO_COMMON_BLOCKS = YES;
				GCC_WARN_64_TO_32_BIT_CONVERSION = YES;
				GCC_WARN_ABOUT_RETURN_TYPE = YES_ERROR;
				GCC_WARN_UNDECLARED_SELECTOR = YES;
				GCC_WARN_UNINITIALIZED_AUTOS = YES_AGGRESSIVE;
				GCC_WARN_UNUSED_FUNCTION = YES;
				GCC_WARN_UNUSED_VARIABLE = YES;
				IPHONEOS_DEPLOYMENT_TARGET = 13.4;
				MTL_ENABLE_DEBUG_INFO = NO;
				MTL_FAST_MATH = YES;
				SDKROOT = iphoneos;
				SWIFT_COMPILATION_MODE = wholemodule;
				SWIFT_OPTIMIZATION_LEVEL = "-O";
				VALIDATE_PRODUCT = YES;
			};
			name = Release;
		};
		78A2D06C2438D998003BA56A /* Debug */ = {
			isa = XCBuildConfiguration;
			baseConfigurationReference = D71A605395EBF4D984E204F2 /* Pods-TableViewWithCustomHeaders.debug.xcconfig */;
			buildSettings = {
				ASSETCATALOG_COMPILER_APPICON_NAME = AppIcon;
				CODE_SIGN_STYLE = Automatic;
				DEVELOPMENT_TEAM = YZ2TPBNCEE;
				INFOPLIST_FILE = TableViewWithCustomHeaders/Info.plist;
				LD_RUNPATH_SEARCH_PATHS = (
					"$(inherited)",
					"@executable_path/Frameworks",
				);
				PRODUCT_BUNDLE_IDENTIFIER = com.veuxlabs.airdropExample.TableViewWithCustomHeaders;
				PRODUCT_NAME = "$(TARGET_NAME)";
				SWIFT_VERSION = 5.0;
				TARGETED_DEVICE_FAMILY = "1,2";
			};
			name = Debug;
		};
		78A2D06D2438D998003BA56A /* Release */ = {
			isa = XCBuildConfiguration;
			baseConfigurationReference = B68BD86EF75438FC1A17966F /* Pods-TableViewWithCustomHeaders.release.xcconfig */;
			buildSettings = {
				ASSETCATALOG_COMPILER_APPICON_NAME = AppIcon;
				CODE_SIGN_STYLE = Automatic;
				DEVELOPMENT_TEAM = YZ2TPBNCEE;
				INFOPLIST_FILE = TableViewWithCustomHeaders/Info.plist;
				LD_RUNPATH_SEARCH_PATHS = (
					"$(inherited)",
					"@executable_path/Frameworks",
				);
				PRODUCT_BUNDLE_IDENTIFIER = com.veuxlabs.airdropExample.TableViewWithCustomHeaders;
				PRODUCT_NAME = "$(TARGET_NAME)";
				SWIFT_VERSION = 5.0;
				TARGETED_DEVICE_FAMILY = "1,2";
			};
			name = Release;
		};
/* End XCBuildConfiguration section */

/* Begin XCConfigurationList section */
		78A2D0522438D995003BA56A /* Build configuration list for PBXProject "TableViewWithCustomHeaders" */ = {
			isa = XCConfigurationList;
			buildConfigurations = (
				78A2D0692438D998003BA56A /* Debug */,
				78A2D06A2438D998003BA56A /* Release */,
			);
			defaultConfigurationIsVisible = 0;
			defaultConfigurationName = Release;
		};
		78A2D06B2438D998003BA56A /* Build configuration list for PBXNativeTarget "TableViewWithCustomHeaders" */ = {
			isa = XCConfigurationList;
			buildConfigurations = (
				78A2D06C2438D998003BA56A /* Debug */,
				78A2D06D2438D998003BA56A /* Release */,
			);
			defaultConfigurationIsVisible = 0;
			defaultConfigurationName = Release;
		};
/* End XCConfigurationList section */
	};
	rootObject = 78A2D04F2438D995003BA56A /* Project object */;
}
